{
  "name": "@kmcssz-org/scoutdb-common",
  "version": "0.0.1",
  "lockfileVersion": 3,
  "requires": true,
  "packages": {
    "": {
      "name": "@kmcssz-org/scoutdb-common",
      "version": "0.0.1",
      "license": "UNLICENSED",
      "dependencies": {
        "fast-safe-stringify": "2.1.1",
        "run-time-error": "1.4.0"
      },
      "devDependencies": {
        "typescript": "5.1.6"
      }
    },
    "node_modules/fast-safe-stringify": {
      "version": "2.1.1",
      "resolved": "https://registry.npmjs.org/fast-safe-stringify/-/fast-safe-stringify-2.1.1.tgz",
      "integrity": "sha512-W+KJc2dmILlPplD/H4K9l9LcAHAfPtP6BY84uVLXQ6Evcz9Lcg33Y2z1IVblT6xdY54PXYVHEv+0Wpq8Io6zkA=="
    },
    "node_modules/run-time-error": {
      "version": "1.4.0",
      "resolved": "https://registry.npmjs.org/run-time-error/-/run-time-error-1.4.0.tgz",
      "integrity": "sha512-eYJ8Uws3zU7gU7dbKZg5vKIEvl8025pVpTkgU6Up8wSGyOo6MRUCJ0qFi1EY2wgQDyX/DvXaQncK/nlho//Bxw==",
      "engines": {
        "node": ">=12.0.0"
      }
    },
    "node_modules/typescript": {
      "version": "5.1.6",
      "resolved": "https://registry.npmjs.org/typescript/-/typescript-5.1.6.tgz",
      "integrity": "sha512-zaWCozRZ6DLEWAWFrVDz1H6FVXzUSfTy5FUMWsQlU8Ym5JP9eO4xkTIROFCQvhQf61z6O/G6ugw3SgAnvvm+HA==",
      "dev": true,
      "bin": {
        "tsc": "bin/tsc",
        "tsserver": "bin/tsserver"
      },
      "engines": {
        "node": ">=14.17"
      }
    }
  }
}
